// !$*UTF8*$!
{
	archiveVersion = 1;
	classes = {
	};
	objectVersion = 50;
	objects = {

/* Begin PBXBuildFile section */
		6AF7CE7E2593434F003FC96F /* AppDelegate.swift in Sources */ = {isa = PBXBuildFile; fileRef = 6AF7CE7D2593434F003FC96F /* AppDelegate.swift */; };
		6AF7CE802593434F003FC96F /* SceneDelegate.swift in Sources */ = {isa = PBXBuildFile; fileRef = 6AF7CE7F2593434F003FC96F /* SceneDelegate.swift */; };
		6AF7CE822593434F003FC96F /* ViewController.swift in Sources */ = {isa = PBXBuildFile; fileRef = 6AF7CE812593434F003FC96F /* ViewController.swift */; };
		6AF7CE852593434F003FC96F /* Main.storyboard in Resources */ = {isa = PBXBuildFile; fileRef = 6AF7CE832593434F003FC96F /* Main.storyboard */; };
		6AF7CE8725934350003FC96F /* Assets.xcassets in Resources */ = {isa = PBXBuildFile; fileRef = 6AF7CE8625934350003FC96F /* Assets.xcassets */; };
		6AF7CE8A25934350003FC96F /* LaunchScreen.storyboard in Resources */ = {isa = PBXBuildFile; fileRef = 6AF7CE8825934350003FC96F /* LaunchScreen.storyboard */; };
		6AF7CE922593437E003FC96F /* ResultViewController.swift in Sources */ = {isa = PBXBuildFile; fileRef = 6AF7CE912593437E003FC96F /* ResultViewController.swift */; };
		6AF7CE9A259346BD003FC96F /* a_5.png in Resources */ = {isa = PBXBuildFile; fileRef = 6AF7CE93259346BC003FC96F /* a_5.png */; };
		6AF7CE9B259346BD003FC96F /* a_2.png in Resources */ = {isa = PBXBuildFile; fileRef = 6AF7CE94259346BD003FC96F /* a_2.png */; };
		6AF7CE9C259346BD003FC96F /* a_7.png in Resources */ = {isa = PBXBuildFile; fileRef = 6AF7CE95259346BD003FC96F /* a_7.png */; };
		6AF7CE9D259346BD003FC96F /* a_4.png in Resources */ = {isa = PBXBuildFile; fileRef = 6AF7CE96259346BD003FC96F /* a_4.png */; };
		6AF7CE9E259346BD003FC96F /* a_1.png in Resources */ = {isa = PBXBuildFile; fileRef = 6AF7CE97259346BD003FC96F /* a_1.png */; };
		6AF7CE9F259346BD003FC96F /* a_3.png in Resources */ = {isa = PBXBuildFile; fileRef = 6AF7CE98259346BD003FC96F /* a_3.png */; };
		6AF7CEA0259346BD003FC96F /* a_6.png in Resources */ = {isa = PBXBuildFile; fileRef = 6AF7CE99259346BD003FC96F /* a_6.png */; };
/* End PBXBuildFile section */

/* Begin PBXFileReference section */
		6AF7CE7A2593434F003FC96F /* SlideshowApp.app */ = {isa = PBXFileReference; explicitFileType = wrapper.application; includeInIndex = 0; path = SlideshowApp.app; sourceTree = BUILT_PRODUCTS_DIR; };
		6AF7CE7D2593434F003FC96F /* AppDelegate.swift */ = {isa = PBXFileReference; lastKnownFileType = sourcecode.swift; path = AppDelegate.swift; sourceTree = "<group>"; };
		6AF7CE7F2593434F003FC96F /* SceneDelegate.swift */ = {isa = PBXFileReference; lastKnownFileType = sourcecode.swift; path = SceneDelegate.swift; sourceTree = "<group>"; };
		6AF7CE812593434F003FC96F /* ViewController.swift */ = {isa = PBXFileReference; lastKnownFileType = sourcecode.swift; path = ViewController.swift; sourceTree = "<group>"; };
		6AF7CE842593434F003FC96F /* Base */ = {isa = PBXFileReference; lastKnownFileType = file.storyboard; name = Base; path = Base.lproj/Main.storyboard; sourceTree = "<group>"; };
		6AF7CE8625934350003FC96F /* Assets.xcassets */ = {isa = PBXFileReference; lastKnownFileType = folder.assetcatalog; path = Assets.xcassets; sourceTree = "<group>"; };
		6AF7CE8925934350003FC96F /* Base */ = {isa = PBXFileReference; lastKnownFileType = file.storyboard; name = Base; path = Base.lproj/LaunchScreen.storyboard; sourceTree = "<group>"; };
		6AF7CE8B25934350003FC96F /* Info.plist */ = {isa = PBXFileReference; lastKnownFileType = text.plist.xml; path = Info.plist; sourceTree = "<group>"; };
		6AF7CE912593437E003FC96F /* ResultViewController.swift */ = {isa = PBXFileReference; lastKnownFileType = sourcecode.swift; path = ResultViewController.swift; sourceTree = "<group>"; };
		6AF7CE93259346BC003FC96F /* a_5.png */ = {isa = PBXFileReference; lastKnownFileType = image.png; path = a_5.png; sourceTree = "<group>"; };
		6AF7CE94259346BD003FC96F /* a_2.png */ = {isa = PBXFileReference; lastKnownFileType = image.png; path = a_2.png; sourceTree = "<group>"; };
		6AF7CE95259346BD003FC96F /* a_7.png */ = {isa = PBXFileReference; lastKnownFileType = image.png; path = a_7.png; sourceTree = "<group>"; };
		6AF7CE96259346BD003FC96F /* a_4.png */ = {isa = PBXFileReference; lastKnownFileType = image.png; path = a_4.png; sourceTree = "<group>"; };
		6AF7CE97259346BD003FC96F /* a_1.png */ = {isa = PBXFileReference; lastKnownFileType = image.png; path = a_1.png; sourceTree = "<group>"; };
		6AF7CE98259346BD003FC96F /* a_3.png */ = {isa = PBXFileReference; lastKnownFileType = image.png; path = a_3.png; sourceTree = "<group>"; };
		6AF7CE99259346BD003FC96F /* a_6.png */ = {isa = PBXFileReference; lastKnownFileType = image.png; path = a_6.png; sourceTree = "<group>"; };
/* End PBXFileReference section */

/* Begin PBXFrameworksBuildPhase section */
		6AF7CE772593434F003FC96F /* Frameworks */ = {
			isa = PBXFrameworksBuildPhase;
			buildActionMask = 2147483647;
			files = (
			);
			runOnlyForDeploymentPostprocessing = 0;
		};
/* End PBXFrameworksBuildPhase section */

/* Begin PBXGroup section */
		6AF7CE712593434F003FC96F = {
			isa = PBXGroup;
			children = (
				6AF7CE7C2593434F003FC96F /* SlideshowApp */,
				6AF7CE7B2593434F003FC96F /* Products */,
				6AF7CE97259346BD003FC96F /* a_1.png */,
				6AF7CE94259346BD003FC96F /* a_2.png */,
				6AF7CE98259346BD003FC96F /* a_3.png */,
				6AF7CE96259346BD003FC96F /* a_4.png */,
				6AF7CE93259346BC003FC96F /* a_5.png */,
				6AF7CE99259346BD003FC96F /* a_6.png */,
				6AF7CE95259346BD003FC96F /* a_7.png */,
			);
			sourceTree = "<group>";
		};
		6AF7CE7B2593434F003FC96F /* Products */ = {
			isa = PBXGroup;
			children = (
				6AF7CE7A2593434F003FC96F /* SlideshowApp.app */,
			);
			name = Products;
			sourceTree = "<group>";
		};
		6AF7CE7C2593434F003FC96F /* SlideshowApp */ = {
			isa = PBXGroup;
			children = (
				6AF7CE7D2593434F003FC96F /* AppDelegate.swift */,
				6AF7CE7F2593434F003FC96F /* SceneDelegate.swift */,
				6AF7CE912593437E003FC96F /* ResultViewController.swift */,
				6AF7CE812593434F003FC96F /* ViewController.swift */,
				6AF7CE832593434F003FC96F /* Main.storyboard */,
				6AF7CE8625934350003FC96F /* Assets.xcassets */,
				6AF7CE8825934350003FC96F /* LaunchScreen.storyboard */,
				6AF7CE8B25934350003FC96F /* Info.plist */,
			);
			path = SlideshowApp;
			sourceTree = "<group>";
		};
/* End PBXGroup section */

/* Begin PBXNativeTarget section */
		6AF7CE792593434F003FC96F /* SlideshowApp */ = {
			isa = PBXNativeTarget;
			buildConfigurationList = 6AF7CE8E25934350003FC96F /* Build configuration list for PBXNativeTarget "SlideshowApp" */;
			buildPhases = (
				6AF7CE762593434F003FC96F /* Sources */,
				6AF7CE772593434F003FC96F /* Frameworks */,
				6AF7CE782593434F003FC96F /* Resources */,
			);
			buildRules = (
			);
			dependencies = (
			);
			name = SlideshowApp;
			productName = SlideshowApp;
			productReference = 6AF7CE7A2593434F003FC96F /* SlideshowApp.app */;
			productType = "com.apple.product-type.application";
		};
/* End PBXNativeTarget section */

/* Begin PBXProject section */
		6AF7CE722593434F003FC96F /* Project object */ = {
			isa = PBXProject;
			attributes = {
				LastSwiftUpdateCheck = 1150;
				LastUpgradeCheck = 1150;
				ORGANIZATIONNAME = kensuke.nakamura;
				TargetAttributes = {
					6AF7CE792593434F003FC96F = {
						CreatedOnToolsVersion = 11.5;
					};
				};
			};
			buildConfigurationList = 6AF7CE752593434F003FC96F /* Build configuration list for PBXProject "SlideshowApp" */;
			compatibilityVersion = "Xcode 9.3";
			developmentRegion = en;
			hasScannedForEncodings = 0;
			knownRegions = (
				en,
				Base,
			);
			mainGroup = 6AF7CE712593434F003FC96F;
			productRefGroup = 6AF7CE7B2593434F003FC96F /* Products */;
			projectDirPath = "";
			projectRoot = "";
			targets = (
				6AF7CE792593434F003FC96F /* SlideshowApp */,
			);
		};
/* End PBXProject section */

/* Begin PBXResourcesBuildPhase section */
		6AF7CE782593434F003FC96F /* Resources */ = {
			isa = PBXResourcesBuildPhase;
			buildActionMask = 2147483647;
			files = (
				6AF7CE8A25934350003FC96F /* LaunchScreen.storyboard in Resources */,
				6AF7CE8725934350003FC96F /* Assets.xcassets in Resources */,
				6AF7CE852593434F003FC96F /* Main.storyboard in Resources */,
				6AF7CE9F259346BD003FC96F /* a_3.png in Resources */,
				6AF7CEA0259346BD003FC96F /* a_6.png in Resources */,
				6AF7CE9E259346BD003FC96F /* a_1.png in Resources */,
				6AF7CE9D259346BD003FC96F /* a_4.png in Resources */,
				6AF7CE9C259346BD003FC96F /* a_7.png in Resources */,
				6AF7CE9B259346BD003FC96F /* a_2.png in Resources */,
				6AF7CE9A259346BD003FC96F /* a_5.png in Resources */,
			);
			runOnlyForDeploymentPostprocessing = 0;
		};
/* End PBXResourcesBuildPhase section */

/* Begin PBXSourcesBuildPhase section */
		6AF7CE762593434F003FC96F /* Sources */ = {
			isa = PBXSourcesBuildPhase;
			buildActionMask = 2147483647;
			files = (
				6AF7CE822593434F003FC96F /* ViewController.swift in Sources */,
				6AF7CE7E2593434F003FC96F /* AppDelegate.swift in Sources */,
				6AF7CE802593434F003FC96F /* SceneDelegate.swift in Sources */,
				6AF7CE922593437E003FC96F /* ResultViewController.swift in Sources */,
			);
			runOnlyForDeploymentPostprocessing = 0;
		};
/* End PBXSourcesBuildPhase section */

/* Begin PBXVariantGroup section */
		6AF7CE832593434F003FC96F /* Main.storyboard */ = {
			isa = PBXVariantGroup;
			children = (
				6AF7CE842593434F003FC96F /* Base */,
			);
			name = Main.storyboard;
			sourceTree = "<group>";
		};
		6AF7CE8825934350003FC96F /* LaunchScreen.storyboard */ = {
			isa = PBXVariantGroup;
			children = (
				6AF7CE8925934350003FC96F /* Base */,
			);
			name = LaunchScreen.storyboard;
			sourceTree = "<group>";
		};
/* End PBXVariantGroup section */

/* Begin XCBuildConfiguration section */
		6AF7CE8C25934350003FC96F /* Debug */ = {
			isa = XCBuildConfiguration;
			buildSettings = {
				ALWAYS_SEARCH_USER_PATHS = NO;
				CLANG_ANALYZER_NONNULL = YES;
				CLANG_ANALYZER_NUMBER_OBJECT_CONVERSION = YES_AGGRESSIVE;
				CLANG_CXX_LANGUAGE_STANDARD = "gnu++14";
				CLANG_CXX_LIBRARY = "libc++";
				CLANG_ENABLE_MODULES = YES;
				CLANG_ENABLE_OBJC_ARC = YES;
				CLANG_ENABLE_OBJC_WEAK = YES;
				CLANG_WARN_BLOCK_CAPTURE_AUTORELEASING = YES;
				CLANG_WARN_BOOL_CONVERSION = YES;
				CLANG_WARN_COMMA = YES;
				CLANG_WARN_CONSTANT_CONVERSION = YES;
				CLANG_WARN_DEPRECATED_OBJC_IMPLEMENTATIONS = YES;
				CLANG_WARN_DIRECT_OBJC_ISA_USAGE = YES_ERROR;
				CLANG_WARN_DOCUMENTATION_COMMENTS = YES;
				CLANG_WARN_EMPTY_BODY = YES;
				CLANG_WARN_ENUM_CONVERSION = YES;
				CLANG_WARN_INFINITE_RECURSION = YES;
				CLANG_WARN_INT_CONVERSION = YES;
				CLANG_WARN_NON_LITERAL_NULL_CONVERSION = YES;
				CLANG_WARN_OBJC_IMPLICIT_RETAIN_SELF = YES;
				CLANG_WARN_OBJC_LITERAL_CONVERSION = YES;
				CLANG_WARN_OBJC_ROOT_CLASS = YES_ERROR;
				CLANG_WARN_RANGE_LOOP_ANALYSIS = YES;
				CLANG_WARN_STRICT_PROTOTYPES = YES;
				CLANG_WARN_SUSPICIOUS_MOVE = YES;
				CLANG_WARN_UNGUARDED_AVAILABILITY = YES_AGGRESSIVE;
				CLANG_WARN_UNREACHABLE_CODE = YES;
				CLANG_WARN__DUPLICATE_METHOD_MATCH = YES;
				COPY_PHASE_STRIP = NO;
				DEBUG_INFORMATION_FORMAT = dwarf;
				ENABLE_STRICT_OBJC_MSGSEND = YES;
				ENABLE_TESTABILITY = YES;
				GCC_C_LANGUAGE_STANDARD = gnu11;
				GCC_DYNAMIC_NO_PIC = NO;
				GCC_NO_COMMON_BLOCKS = YES;
				GCC_OPTIMIZATION_LEVEL = 0;
				GCC_PREPROCESSOR_DEFINITIONS = (
					"DEBUG=1",
					"$(inherited)",
				);
				GCC_WARN_64_TO_32_BIT_CONVERSION = YES;
				GCC_WARN_ABOUT_RETURN_TYPE = YES_ERROR;
				GCC_WARN_UNDECLARED_SELECTOR = YES;
				GCC_WARN_UNINITIALIZED_AUTOS = YES_AGGRESSIVE;
				GCC_WARN_UNUSED_FUNCTION = YES;
				GCC_WARN_UNUSED_VARIABLE = YES;
				IPHONEOS_DEPLOYMENT_TARGET = 13.5;
				MTL_ENABLE_DEBUG_INFO = INCLUDE_SOURCE;
				MTL_FAST_MATH = YES;
				ONLY_ACTIVE_ARCH = YES;
				SDKROOT = iphoneos;
				SWIFT_ACTIVE_COMPILATION_CONDITIONS = DEBUG;
				SWIFT_OPTIMIZATION_LEVEL = "-Onone";
			};
			name = Debug;
		};
		6AF7CE8D25934350003FC96F /* Release */ = {
			isa = XCBuildConfiguration;
			buildSettings = {
				ALWAYS_SEARCH_USER_PATHS = NO;
				CLANG_ANALYZER_NONNULL = YES;
				CLANG_ANALYZER_NUMBER_OBJECT_CONVERSION = YES_AGGRESSIVE;
				CLANG_CXX_LANGUAGE_STANDARD = "gnu++14";
				CLANG_CXX_LIBRARY = "libc++";
				CLANG_ENABLE_MODULES = YES;
				CLANG_ENABLE_OBJC_ARC = YES;
				CLANG_ENABLE_OBJC_WEAK = YES;
				CLANG_WARN_BLOCK_CAPTURE_AUTORELEASING = YES;
				CLANG_WARN_BOOL_CONVERSION = YES;
				CLANG_WARN_COMMA = YES;
				CLANG_WARN_CONSTANT_CONVERSION = YES;
				CLANG_WARN_DEPRECATED_OBJC_IMPLEMENTATIONS = YES;
				CLANG_WARN_DIRECT_OBJC_ISA_USAGE = YES_ERROR;
				CLANG_WARN_DOCUMENTATION_COMMENTS = YES;
				CLANG_WARN_EMPTY_BODY = YES;
				CLANG_WARN_ENUM_CONVERSION = YES;
				CLANG_WARN_INFINITE_RECURSION = YES;
				CLANG_WARN_INT_CONVERSION = YES;
				CLANG_WARN_NON_LITERAL_NULL_CONVERSION = YES;
				CLANG_WARN_OBJC_IMPLICIT_RETAIN_SELF = YES;
				CLANG_WARN_OBJC_LITERAL_CONVERSION = YES;
				CLANG_WARN_OBJC_ROOT_CLASS = YES_ERROR;
				CLANG_WARN_RANGE_LOOP_ANALYSIS = YES;
				CLANG_WARN_STRICT_PROTOTYPES = YES;
				CLANG_WARN_SUSPICIOUS_MOVE = YES;
				CLANG_WARN_UNGUARDED_AVAILABILITY = YES_AGGRESSIVE;
				CLANG_WARN_UNREACHABLE_CODE = YES;
				CLANG_WARN__DUPLICATE_METHOD_MATCH = YES;
				COPY_PHASE_STRIP = NO;
				DEBUG_INFORMATION_FORMAT = "dwarf-with-dsym";
				ENABLE_NS_ASSERTIONS = NO;
				ENABLE_STRICT_OBJC_MSGSEND = YES;
				GCC_C_LANGUAGE_STANDARD = gnu11;
				GCC_NO_COMMON_BLOCKS = YES;
				GCC_WARN_64_TO_32_BIT_CONVERSION = YES;
				GCC_WARN_ABOUT_RETURN_TYPE = YES_ERROR;
				GCC_WARN_UNDECLARED_SELECTOR = YES;
				GCC_WARN_UNINITIALIZED_AUTOS = YES_AGGRESSIVE;
				GCC_WARN_UNUSED_FUNCTION = YES;
				GCC_WARN_UNUSED_VARIABLE = YES;
				IPHONEOS_DEPLOYMENT_TARGET = 13.5;
				MTL_ENABLE_DEBUG_INFO = NO;
				MTL_FAST_MATH = YES;
				SDKROOT = iphoneos;
				SWIFT_COMPILATION_MODE = wholemodule;
				SWIFT_OPTIMIZATION_LEVEL = "-O";
				VALIDATE_PRODUCT = YES;
			};
			name = Release;
		};
		6AF7CE8F25934350003FC96F /* Debug */ = {
			isa = XCBuildConfiguration;
			buildSettings = {
				ASSETCATALOG_COMPILER_APPICON_NAME = AppIcon;
				CODE_SIGN_STYLE = Automatic;
				DEVELOPMENT_TEAM = QU5CQZBD66;
				INFOPLIST_FILE = SlideshowApp/Info.plist;
				LD_RUNPATH_SEARCH_PATHS = (
					"$(inherited)",
					"@executable_path/Frameworks",
				);
				PRODUCT_BUNDLE_IDENTIFIER = jp.techacademy.ken.SlideshowApp.SlideshowApp;
				PRODUCT_NAME = "$(TARGET_NAME)";
				SWIFT_VERSION = 5.0;
				TARGETED_DEVICE_FAMILY = 1;
			};
			name = Debug;
		};
		6AF7CE9025934350003FC96F /* Release */ = {
			isa = XCBuildConfiguration;
			buildSettings = {
				ASSETCATALOG_COMPILER_APPICON_NAME = AppIcon;
				CODE_SIGN_STYLE = Automatic;
				DEVELOPMENT_TEAM = QU5CQZBD66;
				INFOPLIST_FILE = SlideshowApp/Info.plist;
				LD_RUNPATH_SEARCH_PATHS = (
					"$(inherited)",
					"@executable_path/Frameworks",
				);
				PRODUCT_BUNDLE_IDENTIFIER = jp.techacademy.ken.SlideshowApp.SlideshowApp;
				PRODUCT_NAME = "$(TARGET_NAME)";
				SWIFT_VERSION = 5.0;
				TARGETED_DEVICE_FAMILY = 1;
			};
			name = Release;
		};
/* End XCBuildConfiguration section */

/* Begin XCConfigurationList section */
		6AF7CE752593434F003FC96F /* Build configuration list for PBXProject "SlideshowApp" */ = {
			isa = XCConfigurationList;
			buildConfigurations = (
				6AF7CE8C25934350003FC96F /* Debug */,
				6AF7CE8D25934350003FC96F /* Release */,
			);
			defaultConfigurationIsVisible = 0;
			defaultConfigurationName = Release;
		};
		6AF7CE8E25934350003FC96F /* Build configuration list for PBXNativeTarget "SlideshowApp" */ = {
			isa = XCConfigurationList;
			buildConfigurations = (
				6AF7CE8F25934350003FC96F /* Debug */,
				6AF7CE9025934350003FC96F /* Release */,
			);
			defaultConfigurationIsVisible = 0;
			defaultConfigurationName = Release;
		};
/* End XCConfigurationList section */
	};
	rootObject = 6AF7CE722593434F003FC96F /* Project object */;
}
